
Microsoft Visual Studio Solution File, Format Version 12.00
# Visual Studio 15
VisualStudioVersion = 15.0.28307.852
MinimumVisualStudioVersion = 10.0.40219.1
Project("{FAE04EC0-301F-11D3-BF4B-00C04F79EFBC}") = "UITestCarsAsyncREST", "UITestCarsAsyncREST\UITestCarsAsyncREST.csproj", "{1DFB0858-D263-4248-852C-3F4B3B6E4E75}"
EndProject
Global
	GlobalSection(SolutionConfigurationPlatforms) = preSolution
		Debug|Any CPU = Debug|Any CPU
		Release|Any CPU = Release|Any CPU
	EndGlobalSection
	GlobalSection(ProjectConfigurationPlatforms) = postSolution
		{1DFB0858-D263-4248-852C-3F4B3B6E4E75}.Debug|Any CPU.ActiveCfg = Debug|Any CPU
		{1DFB0858-D263-4248-852C-3F4B3B6E4E75}.Debug|Any CPU.Build.0 = Debug|Any CPU
		{1DFB0858-D263-4248-852C-3F4B3B6E4E75}.Release|Any CPU.ActiveCfg = Release|Any CPU
		{1DFB0858-D263-4248-852C-3F4B3B6E4E75}.Release|Any CPU.Build.0 = Release|Any CPU
	EndGlobalSection
	GlobalSection(SolutionProperties) = preSolution
		HideSolutionNode = FALSE
	EndGlobalSection
	GlobalSection(ExtensibilityGlobals) = postSolution
		SolutionGuid = {4D539F48-123B-45B2-96AB-A6680EAEFAC2}
	EndGlobalSection
EndGlobal
